// !$*UTF8*$!
{
	archiveVersion = 1;
	classes = {
	};
	objectVersion = 51;
	objects = {

/* Begin PBXBuildFile section */
		9CF2F8BEA4E0619BBDCE56DB /* Pods_flixster_flixsterUITests.framework in Frameworks */ = {isa = PBXBuildFile; fileRef = 0760E72E3CE4DD1D3486B868 /* Pods_flixster_flixsterUITests.framework */; };
		BFA9A377A9BB3D191AED252C /* Pods_flixster.framework in Frameworks */ = {isa = PBXBuildFile; fileRef = 65056F0CDB31395B03C650AB /* Pods_flixster.framework */; };
		CD2BEA1AECDD78D197A71C33 /* Pods_flixsterTests.framework in Frameworks */ = {isa = PBXBuildFile; fileRef = 638581863E201CB3982EF1AC /* Pods_flixsterTests.framework */; };
		E037711C24FA0DE5007C52D4 /* AppDelegate.swift in Sources */ = {isa = PBXBuildFile; fileRef = E037711B24FA0DE5007C52D4 /* AppDelegate.swift */; };
		E037711E24FA0DE5007C52D4 /* SceneDelegate.swift in Sources */ = {isa = PBXBuildFile; fileRef = E037711D24FA0DE5007C52D4 /* SceneDelegate.swift */; };
		E037712324FA0DE5007C52D4 /* Main.storyboard in Resources */ = {isa = PBXBuildFile; fileRef = E037712124FA0DE5007C52D4 /* Main.storyboard */; };
		E037712524FA0DE6007C52D4 /* Assets.xcassets in Resources */ = {isa = PBXBuildFile; fileRef = E037712424FA0DE6007C52D4 /* Assets.xcassets */; };
		E037712824FA0DE6007C52D4 /* LaunchScreen.storyboard in Resources */ = {isa = PBXBuildFile; fileRef = E037712624FA0DE6007C52D4 /* LaunchScreen.storyboard */; };
		E037713324FA0DE7007C52D4 /* flixsterTests.swift in Sources */ = {isa = PBXBuildFile; fileRef = E037713224FA0DE7007C52D4 /* flixsterTests.swift */; };
		E037713E24FA0DE7007C52D4 /* flixsterUITests.swift in Sources */ = {isa = PBXBuildFile; fileRef = E037713D24FA0DE7007C52D4 /* flixsterUITests.swift */; };
		E07DBEA6250B052500C8B3DC /* MovieDetailsViewController.swift in Sources */ = {isa = PBXBuildFile; fileRef = E07DBEA5250B052500C8B3DC /* MovieDetailsViewController.swift */; };
		E07DBEA8250B0F1900C8B3DC /* MovieGridViewController.swift in Sources */ = {isa = PBXBuildFile; fileRef = E07DBEA7250B0F1900C8B3DC /* MovieGridViewController.swift */; };
		E07DBEAA250B153B00C8B3DC /* MovieGridCell.swift in Sources */ = {isa = PBXBuildFile; fileRef = E07DBEA9250B153B00C8B3DC /* MovieGridCell.swift */; };
		E0A1917324FF95A70021C793 /* MoviesViewController.swift in Sources */ = {isa = PBXBuildFile; fileRef = E0A1917224FF95A70021C793 /* MoviesViewController.swift */; };
		E0A1917524FF9C370021C793 /* MovieCell.swift in Sources */ = {isa = PBXBuildFile; fileRef = E0A1917424FF9C370021C793 /* MovieCell.swift */; };
/* End PBXBuildFile section */

/* Begin PBXContainerItemProxy section */
		E037712F24FA0DE7007C52D4 /* PBXContainerItemProxy */ = {
			isa = PBXContainerItemProxy;
			containerPortal = E037711024FA0DE5007C52D4 /* Project object */;
			proxyType = 1;
			remoteGlobalIDString = E037711724FA0DE5007C52D4;
			remoteInfo = flixster;
		};
		E037713A24FA0DE7007C52D4 /* PBXContainerItemProxy */ = {
			isa = PBXContainerItemProxy;
			containerPortal = E037711024FA0DE5007C52D4 /* Project object */;
			proxyType = 1;
			remoteGlobalIDString = E037711724FA0DE5007C52D4;
			remoteInfo = flixster;
		};
/* End PBXContainerItemProxy section */

/* Begin PBXFileReference section */
		0760E72E3CE4DD1D3486B868 /* Pods_flixster_flixsterUITests.framework */ = {isa = PBXFileReference; explicitFileType = wrapper.framework; includeInIndex = 0; path = Pods_flixster_flixsterUITests.framework; sourceTree = BUILT_PRODUCTS_DIR; };
		235A5A722B32847EC4E82A3A /* Pods-flixster-flixsterUITests.debug.xcconfig */ = {isa = PBXFileReference; includeInIndex = 1; lastKnownFileType = text.xcconfig; name = "Pods-flixster-flixsterUITests.debug.xcconfig"; path = "Target Support Files/Pods-flixster-flixsterUITests/Pods-flixster-flixsterUITests.debug.xcconfig"; sourceTree = "<group>"; };
		299FBAE8B7DA2572A71A3B4C /* Pods-flixster-flixsterUITests.release.xcconfig */ = {isa = PBXFileReference; includeInIndex = 1; lastKnownFileType = text.xcconfig; name = "Pods-flixster-flixsterUITests.release.xcconfig"; path = "Target Support Files/Pods-flixster-flixsterUITests/Pods-flixster-flixsterUITests.release.xcconfig"; sourceTree = "<group>"; };
		638581863E201CB3982EF1AC /* Pods_flixsterTests.framework */ = {isa = PBXFileReference; explicitFileType = wrapper.framework; includeInIndex = 0; path = Pods_flixsterTests.framework; sourceTree = BUILT_PRODUCTS_DIR; };
		65056F0CDB31395B03C650AB /* Pods_flixster.framework */ = {isa = PBXFileReference; explicitFileType = wrapper.framework; includeInIndex = 0; path = Pods_flixster.framework; sourceTree = BUILT_PRODUCTS_DIR; };
		A0C66499B740E844EB589041 /* Pods-flixster.release.xcconfig */ = {isa = PBXFileReference; includeInIndex = 1; lastKnownFileType = text.xcconfig; name = "Pods-flixster.release.xcconfig"; path = "Target Support Files/Pods-flixster/Pods-flixster.release.xcconfig"; sourceTree = "<group>"; };
		BBB7FDD2A4A557C1ACB68B01 /* Pods-flixster.debug.xcconfig */ = {isa = PBXFileReference; includeInIndex = 1; lastKnownFileType = text.xcconfig; name = "Pods-flixster.debug.xcconfig"; path = "Target Support Files/Pods-flixster/Pods-flixster.debug.xcconfig"; sourceTree = "<group>"; };
		D2C630D8A679FA00F9826E1B /* Pods-flixsterTests.release.xcconfig */ = {isa = PBXFileReference; includeInIndex = 1; lastKnownFileType = text.xcconfig; name = "Pods-flixsterTests.release.xcconfig"; path = "Target Support Files/Pods-flixsterTests/Pods-flixsterTests.release.xcconfig"; sourceTree = "<group>"; };
		E037711824FA0DE5007C52D4 /* flixster.app */ = {isa = PBXFileReference; explicitFileType = wrapper.application; includeInIndex = 0; path = flixster.app; sourceTree = BUILT_PRODUCTS_DIR; };
		E037711B24FA0DE5007C52D4 /* AppDelegate.swift */ = {isa = PBXFileReference; lastKnownFileType = sourcecode.swift; path = AppDelegate.swift; sourceTree = "<group>"; };
		E037711D24FA0DE5007C52D4 /* SceneDelegate.swift */ = {isa = PBXFileReference; lastKnownFileType = sourcecode.swift; path = SceneDelegate.swift; sourceTree = "<group>"; };
		E037712224FA0DE5007C52D4 /* Base */ = {isa = PBXFileReference; lastKnownFileType = file.storyboard; name = Base; path = Base.lproj/Main.storyboard; sourceTree = "<group>"; };
		E037712424FA0DE6007C52D4 /* Assets.xcassets */ = {isa = PBXFileReference; lastKnownFileType = folder.assetcatalog; path = Assets.xcassets; sourceTree = "<group>"; };
		E037712724FA0DE6007C52D4 /* Base */ = {isa = PBXFileReference; lastKnownFileType = file.storyboard; name = Base; path = Base.lproj/LaunchScreen.storyboard; sourceTree = "<group>"; };
		E037712924FA0DE6007C52D4 /* Info.plist */ = {isa = PBXFileReference; lastKnownFileType = text.plist.xml; path = Info.plist; sourceTree = "<group>"; };
		E037712E24FA0DE7007C52D4 /* flixsterTests.xctest */ = {isa = PBXFileReference; explicitFileType = wrapper.cfbundle; includeInIndex = 0; path = flixsterTests.xctest; sourceTree = BUILT_PRODUCTS_DIR; };
		E037713224FA0DE7007C52D4 /* flixsterTests.swift */ = {isa = PBXFileReference; lastKnownFileType = sourcecode.swift; path = flixsterTests.swift; sourceTree = "<group>"; };
		E037713424FA0DE7007C52D4 /* Info.plist */ = {isa = PBXFileReference; lastKnownFileType = text.plist.xml; path = Info.plist; sourceTree = "<group>"; };
		E037713924FA0DE7007C52D4 /* flixsterUITests.xctest */ = {isa = PBXFileReference; explicitFileType = wrapper.cfbundle; includeInIndex = 0; path = flixsterUITests.xctest; sourceTree = BUILT_PRODUCTS_DIR; };
		E037713D24FA0DE7007C52D4 /* flixsterUITests.swift */ = {isa = PBXFileReference; lastKnownFileType = sourcecode.swift; path = flixsterUITests.swift; sourceTree = "<group>"; };
		E037713F24FA0DE7007C52D4 /* Info.plist */ = {isa = PBXFileReference; lastKnownFileType = text.plist.xml; path = Info.plist; sourceTree = "<group>"; };
		E07DBEA5250B052500C8B3DC /* MovieDetailsViewController.swift */ = {isa = PBXFileReference; lastKnownFileType = sourcecode.swift; path = MovieDetailsViewController.swift; sourceTree = "<group>"; };
		E07DBEA7250B0F1900C8B3DC /* MovieGridViewController.swift */ = {isa = PBXFileReference; lastKnownFileType = sourcecode.swift; path = MovieGridViewController.swift; sourceTree = "<group>"; };
		E07DBEA9250B153B00C8B3DC /* MovieGridCell.swift */ = {isa = PBXFileReference; lastKnownFileType = sourcecode.swift; path = MovieGridCell.swift; sourceTree = "<group>"; };
		E0A1917224FF95A70021C793 /* MoviesViewController.swift */ = {isa = PBXFileReference; lastKnownFileType = sourcecode.swift; path = MoviesViewController.swift; sourceTree = "<group>"; };
		E0A1917424FF9C370021C793 /* MovieCell.swift */ = {isa = PBXFileReference; lastKnownFileType = sourcecode.swift; path = MovieCell.swift; sourceTree = "<group>"; };
		FFC506CFCE242DA9F9EC4F1B /* Pods-flixsterTests.debug.xcconfig */ = {isa = PBXFileReference; includeInIndex = 1; lastKnownFileType = text.xcconfig; name = "Pods-flixsterTests.debug.xcconfig"; path = "Target Support Files/Pods-flixsterTests/Pods-flixsterTests.debug.xcconfig"; sourceTree = "<group>"; };
/* End PBXFileReference section */

/* Begin PBXFrameworksBuildPhase section */
		E037711524FA0DE5007C52D4 /* Frameworks */ = {
			isa = PBXFrameworksBuildPhase;
			buildActionMask = 2147483647;
			files = (
				BFA9A377A9BB3D191AED252C /* Pods_flixster.framework in Frameworks */,
			);
			runOnlyForDeploymentPostprocessing = 0;
		};
		E037712B24FA0DE7007C52D4 /* Frameworks */ = {
			isa = PBXFrameworksBuildPhase;
			buildActionMask = 2147483647;
			files = (
				CD2BEA1AECDD78D197A71C33 /* Pods_flixsterTests.framework in Frameworks */,
			);
			runOnlyForDeploymentPostprocessing = 0;
		};
		E037713624FA0DE7007C52D4 /* Frameworks */ = {
			isa = PBXFrameworksBuildPhase;
			buildActionMask = 2147483647;
			files = (
				9CF2F8BEA4E0619BBDCE56DB /* Pods_flixster_flixsterUITests.framework in Frameworks */,
			);
			runOnlyForDeploymentPostprocessing = 0;
		};
/* End PBXFrameworksBuildPhase section */

/* Begin PBXGroup section */
		3DEF62F2D76101D781610245 /* Frameworks */ = {
			isa = PBXGroup;
			children = (
				65056F0CDB31395B03C650AB /* Pods_flixster.framework */,
				0760E72E3CE4DD1D3486B868 /* Pods_flixster_flixsterUITests.framework */,
				638581863E201CB3982EF1AC /* Pods_flixsterTests.framework */,
			);
			name = Frameworks;
			sourceTree = "<group>";
		};
		DDAB8BC18861A08EB7FE7845 /* Pods */ = {
			isa = PBXGroup;
			children = (
				BBB7FDD2A4A557C1ACB68B01 /* Pods-flixster.debug.xcconfig */,
				A0C66499B740E844EB589041 /* Pods-flixster.release.xcconfig */,
				235A5A722B32847EC4E82A3A /* Pods-flixster-flixsterUITests.debug.xcconfig */,
				299FBAE8B7DA2572A71A3B4C /* Pods-flixster-flixsterUITests.release.xcconfig */,
				FFC506CFCE242DA9F9EC4F1B /* Pods-flixsterTests.debug.xcconfig */,
				D2C630D8A679FA00F9826E1B /* Pods-flixsterTests.release.xcconfig */,
			);
			path = Pods;
			sourceTree = "<group>";
		};
		E037710F24FA0DE5007C52D4 = {
			isa = PBXGroup;
			children = (
				E037711A24FA0DE5007C52D4 /* flixster */,
				E037713124FA0DE7007C52D4 /* flixsterTests */,
				E037713C24FA0DE7007C52D4 /* flixsterUITests */,
				E037711924FA0DE5007C52D4 /* Products */,
				DDAB8BC18861A08EB7FE7845 /* Pods */,
				3DEF62F2D76101D781610245 /* Frameworks */,
			);
			sourceTree = "<group>";
		};
		E037711924FA0DE5007C52D4 /* Products */ = {
			isa = PBXGroup;
			children = (
				E037711824FA0DE5007C52D4 /* flixster.app */,
				E037712E24FA0DE7007C52D4 /* flixsterTests.xctest */,
				E037713924FA0DE7007C52D4 /* flixsterUITests.xctest */,
			);
			name = Products;
			sourceTree = "<group>";
		};
		E037711A24FA0DE5007C52D4 /* flixster */ = {
			isa = PBXGroup;
			children = (
				E037711B24FA0DE5007C52D4 /* AppDelegate.swift */,
				E037711D24FA0DE5007C52D4 /* SceneDelegate.swift */,
				E037712124FA0DE5007C52D4 /* Main.storyboard */,
				E07DBEA9250B153B00C8B3DC /* MovieGridCell.swift */,
				E07DBEA7250B0F1900C8B3DC /* MovieGridViewController.swift */,
				E07DBEA5250B052500C8B3DC /* MovieDetailsViewController.swift */,
				E037712424FA0DE6007C52D4 /* Assets.xcassets */,
				E037712624FA0DE6007C52D4 /* LaunchScreen.storyboard */,
				E037712924FA0DE6007C52D4 /* Info.plist */,
				E0A1917224FF95A70021C793 /* MoviesViewController.swift */,
				E0A1917424FF9C370021C793 /* MovieCell.swift */,
			);
			path = flixster;
			sourceTree = "<group>";
		};
		E037713124FA0DE7007C52D4 /* flixsterTests */ = {
			isa = PBXGroup;
			children = (
				E037713224FA0DE7007C52D4 /* flixsterTests.swift */,
				E037713424FA0DE7007C52D4 /* Info.plist */,
			);
			path = flixsterTests;
			sourceTree = "<group>";
		};
		E037713C24FA0DE7007C52D4 /* flixsterUITests */ = {
			isa = PBXGroup;
			children = (
				E037713D24FA0DE7007C52D4 /* flixsterUITests.swift */,
				E037713F24FA0DE7007C52D4 /* Info.plist */,
			);
			path = flixsterUITests;
			sourceTree = "<group>";
		};
/* End PBXGroup section */

/* Begin PBXNativeTarget section */
		E037711724FA0DE5007C52D4 /* flixster */ = {
			isa = PBXNativeTarget;
			buildConfigurationList = E037714224FA0DE7007C52D4 /* Build configuration list for PBXNativeTarget "flixster" */;
			buildPhases = (
				48CB3D1486C3C3D98FC10851 /* [CP] Check Pods Manifest.lock */,
				E037711424FA0DE5007C52D4 /* Sources */,
				E037711524FA0DE5007C52D4 /* Frameworks */,
				E037711624FA0DE5007C52D4 /* Resources */,
				8079E852A190B3568137A7E0 /* [CP] Embed Pods Frameworks */,
			);
			buildRules = (
			);
			dependencies = (
			);
			name = flixster;
			productName = flixster;
			productReference = E037711824FA0DE5007C52D4 /* flixster.app */;
			productType = "com.apple.product-type.application";
		};
		E037712D24FA0DE7007C52D4 /* flixsterTests */ = {
			isa = PBXNativeTarget;
			buildConfigurationList = E037714524FA0DE7007C52D4 /* Build configuration list for PBXNativeTarget "flixsterTests" */;
			buildPhases = (
				8D76E7BFF311A1BDC8BA64BF /* [CP] Check Pods Manifest.lock */,
				E037712A24FA0DE7007C52D4 /* Sources */,
				E037712B24FA0DE7007C52D4 /* Frameworks */,
				E037712C24FA0DE7007C52D4 /* Resources */,
			);
			buildRules = (
			);
			dependencies = (
				E037713024FA0DE7007C52D4 /* PBXTargetDependency */,
			);
			name = flixsterTests;
			productName = flixsterTests;
			productReference = E037712E24FA0DE7007C52D4 /* flixsterTests.xctest */;
			productType = "com.apple.product-type.bundle.unit-test";
		};
		E037713824FA0DE7007C52D4 /* flixsterUITests */ = {
			isa = PBXNativeTarget;
			buildConfigurationList = E037714824FA0DE7007C52D4 /* Build configuration list for PBXNativeTarget "flixsterUITests" */;
			buildPhases = (
				1C0DE6B4CF3EFF3E14A6D74C /* [CP] Check Pods Manifest.lock */,
				E037713524FA0DE7007C52D4 /* Sources */,
				E037713624FA0DE7007C52D4 /* Frameworks */,
				E037713724FA0DE7007C52D4 /* Resources */,
				ECA639CE69BEE6EDA6E9F32C /* [CP] Embed Pods Frameworks */,
			);
			buildRules = (
			);
			dependencies = (
				E037713B24FA0DE7007C52D4 /* PBXTargetDependency */,
			);
			name = flixsterUITests;
			productName = flixsterUITests;
			productReference = E037713924FA0DE7007C52D4 /* flixsterUITests.xctest */;
			productType = "com.apple.product-type.bundle.ui-testing";
		};
/* End PBXNativeTarget section */

/* Begin PBXProject section */
		E037711024FA0DE5007C52D4 /* Project object */ = {
			isa = PBXProject;
			attributes = {
				LastSwiftUpdateCheck = 1160;
				LastUpgradeCheck = 1160;
				ORGANIZATIONNAME = "Sivam Agarwalla";
				TargetAttributes = {
					E037711724FA0DE5007C52D4 = {
						CreatedOnToolsVersion = 11.6;
					};
					E037712D24FA0DE7007C52D4 = {
						CreatedOnToolsVersion = 11.6;
						TestTargetID = E037711724FA0DE5007C52D4;
					};
					E037713824FA0DE7007C52D4 = {
						CreatedOnToolsVersion = 11.6;
						TestTargetID = E037711724FA0DE5007C52D4;
					};
				};
			};
			buildConfigurationList = E037711324FA0DE5007C52D4 /* Build configuration list for PBXProject "flixster" */;
			compatibilityVersion = "Xcode 9.3";
			developmentRegion = en;
			hasScannedForEncodings = 0;
			knownRegions = (
				en,
				Base,
			);
			mainGroup = E037710F24FA0DE5007C52D4;
			productRefGroup = E037711924FA0DE5007C52D4 /* Products */;
			projectDirPath = "";
			projectRoot = "";
			targets = (
				E037711724FA0DE5007C52D4 /* flixster */,
				E037712D24FA0DE7007C52D4 /* flixsterTests */,
				E037713824FA0DE7007C52D4 /* flixsterUITests */,
			);
		};
/* End PBXProject section */

/* Begin PBXResourcesBuildPhase section */
		E037711624FA0DE5007C52D4 /* Resources */ = {
			isa = PBXResourcesBuildPhase;
			buildActionMask = 2147483647;
			files = (
				E037712824FA0DE6007C52D4 /* LaunchScreen.storyboard in Resources */,
				E037712524FA0DE6007C52D4 /* Assets.xcassets in Resources */,
				E037712324FA0DE5007C52D4 /* Main.storyboard in Resources */,
			);
			runOnlyForDeploymentPostprocessing = 0;
		};
		E037712C24FA0DE7007C52D4 /* Resources */ = {
			isa = PBXResourcesBuildPhase;
			buildActionMask = 2147483647;
			files = (
			);
			runOnlyForDeploymentPostprocessing = 0;
		};
		E037713724FA0DE7007C52D4 /* Resources */ = {
			isa = PBXResourcesBuildPhase;
			buildActionMask = 2147483647;
			files = (
			);
			runOnlyForDeploymentPostprocessing = 0;
		};
/* End PBXResourcesBuildPhase section */

/* Begin PBXShellScriptBuildPhase section */
		1C0DE6B4CF3EFF3E14A6D74C /* [CP] Check Pods Manifest.lock */ = {
			isa = PBXShellScriptBuildPhase;
			buildActionMask = 2147483647;
			files = (
			);
			inputFileListPaths = (
			);
			inputPaths = (
				"${PODS_PODFILE_DIR_PATH}/Podfile.lock",
				"${PODS_ROOT}/Manifest.lock",
			);
			name = "[CP] Check Pods Manifest.lock";
			outputFileListPaths = (
			);
			outputPaths = (
				"$(DERIVED_FILE_DIR)/Pods-flixster-flixsterUITests-checkManifestLockResult.txt",
			);
			runOnlyForDeploymentPostprocessing = 0;
			shellPath = /bin/sh;
			shellScript = "diff \"${PODS_PODFILE_DIR_PATH}/Podfile.lock\" \"${PODS_ROOT}/Manifest.lock\" > /dev/null\nif [ $? != 0 ] ; then\n    # print error to STDERR\n    echo \"error: The sandbox is not in sync with the Podfile.lock. Run 'pod install' or update your CocoaPods installation.\" >&2\n    exit 1\nfi\n# This output is used by Xcode 'outputs' to avoid re-running this script phase.\necho \"SUCCESS\" > \"${SCRIPT_OUTPUT_FILE_0}\"\n";
			showEnvVarsInLog = 0;
		};
		48CB3D1486C3C3D98FC10851 /* [CP] Check Pods Manifest.lock */ = {
			isa = PBXShellScriptBuildPhase;
			buildActionMask = 2147483647;
			files = (
			);
			inputFileListPaths = (
			);
			inputPaths = (
				"${PODS_PODFILE_DIR_PATH}/Podfile.lock",
				"${PODS_ROOT}/Manifest.lock",
			);
			name = "[CP] Check Pods Manifest.lock";
			outputFileListPaths = (
			);
			outputPaths = (
				"$(DERIVED_FILE_DIR)/Pods-flixster-checkManifestLockResult.txt",
			);
			runOnlyForDeploymentPostprocessing = 0;
			shellPath = /bin/sh;
			shellScript = "diff \"${PODS_PODFILE_DIR_PATH}/Podfile.lock\" \"${PODS_ROOT}/Manifest.lock\" > /dev/null\nif [ $? != 0 ] ; then\n    # print error to STDERR\n    echo \"error: The sandbox is not in sync with the Podfile.lock. Run 'pod install' or update your CocoaPods installation.\" >&2\n    exit 1\nfi\n# This output is used by Xcode 'outputs' to avoid re-running this script phase.\necho \"SUCCESS\" > \"${SCRIPT_OUTPUT_FILE_0}\"\n";
			showEnvVarsInLog = 0;
		};
		8079E852A190B3568137A7E0 /* [CP] Embed Pods Frameworks */ = {
			isa = PBXShellScriptBuildPhase;
			buildActionMask = 2147483647;
			files = (
			);
			inputFileListPaths = (
				"${PODS_ROOT}/Target Support Files/Pods-flixster/Pods-flixster-frameworks-${CONFIGURATION}-input-files.xcfilelist",
			);
			name = "[CP] Embed Pods Frameworks";
			outputFileListPaths = (
				"${PODS_ROOT}/Target Support Files/Pods-flixster/Pods-flixster-frameworks-${CONFIGURATION}-output-files.xcfilelist",
			);
			runOnlyForDeploymentPostprocessing = 0;
			shellPath = /bin/sh;
			shellScript = "\"${PODS_ROOT}/Target Support Files/Pods-flixster/Pods-flixster-frameworks.sh\"\n";
			showEnvVarsInLog = 0;
		};
		8D76E7BFF311A1BDC8BA64BF /* [CP] Check Pods Manifest.lock */ = {
			isa = PBXShellScriptBuildPhase;
			buildActionMask = 2147483647;
			files = (
			);
			inputFileListPaths = (
			);
			inputPaths = (
				"${PODS_PODFILE_DIR_PATH}/Podfile.lock",
				"${PODS_ROOT}/Manifest.lock",
			);
			name = "[CP] Check Pods Manifest.lock";
			outputFileListPaths = (
			);
			outputPaths = (
				"$(DERIVED_FILE_DIR)/Pods-flixsterTests-checkManifestLockResult.txt",
			);
			runOnlyForDeploymentPostprocessing = 0;
			shellPath = /bin/sh;
			shellScript = "diff \"${PODS_PODFILE_DIR_PATH}/Podfile.lock\" \"${PODS_ROOT}/Manifest.lock\" > /dev/null\nif [ $? != 0 ] ; then\n    # print error to STDERR\n    echo \"error: The sandbox is not in sync with the Podfile.lock. Run 'pod install' or update your CocoaPods installation.\" >&2\n    exit 1\nfi\n# This output is used by Xcode 'outputs' to avoid re-running this script phase.\necho \"SUCCESS\" > \"${SCRIPT_OUTPUT_FILE_0}\"\n";
			showEnvVarsInLog = 0;
		};
		ECA639CE69BEE6EDA6E9F32C /* [CP] Embed Pods Frameworks */ = {
			isa = PBXShellScriptBuildPhase;
			buildActionMask = 2147483647;
			files = (
			);
			inputFileListPaths = (
				"${PODS_ROOT}/Target Support Files/Pods-flixster-flixsterUITests/Pods-flixster-flixsterUITests-frameworks-${CONFIGURATION}-input-files.xcfilelist",
			);
			name = "[CP] Embed Pods Frameworks";
			outputFileListPaths = (
				"${PODS_ROOT}/Target Support Files/Pods-flixster-flixsterUITests/Pods-flixster-flixsterUITests-frameworks-${CONFIGURATION}-output-files.xcfilelist",
			);
			runOnlyForDeploymentPostprocessing = 0;
			shellPath = /bin/sh;
			shellScript = "\"${PODS_ROOT}/Target Support Files/Pods-flixster-flixsterUITests/Pods-flixster-flixsterUITests-frameworks.sh\"\n";
			showEnvVarsInLog = 0;
		};
/* End PBXShellScriptBuildPhase section */

/* Begin PBXSourcesBuildPhase section */
		E037711424FA0DE5007C52D4 /* Sources */ = {
			isa = PBXSourcesBuildPhase;
			buildActionMask = 2147483647;
			files = (
				E07DBEA6250B052500C8B3DC /* MovieDetailsViewController.swift in Sources */,
				E037711C24FA0DE5007C52D4 /* AppDelegate.swift in Sources */,
				E037711E24FA0DE5007C52D4 /* SceneDelegate.swift in Sources */,
				E0A1917524FF9C370021C793 /* MovieCell.swift in Sources */,
				E0A1917324FF95A70021C793 /* MoviesViewController.swift in Sources */,
				E07DBEA8250B0F1900C8B3DC /* MovieGridViewController.swift in Sources */,
				E07DBEAA250B153B00C8B3DC /* MovieGridCell.swift in Sources */,
			);
			runOnlyForDeploymentPostprocessing = 0;
		};
		E037712A24FA0DE7007C52D4 /* Sources */ = {
			isa = PBXSourcesBuildPhase;
			buildActionMask = 2147483647;
			files = (
				E037713324FA0DE7007C52D4 /* flixsterTests.swift in Sources */,
			);
			runOnlyForDeploymentPostprocessing = 0;
		};
		E037713524FA0DE7007C52D4 /* Sources */ = {
			isa = PBXSourcesBuildPhase;
			buildActionMask = 2147483647;
			files = (
				E037713E24FA0DE7007C52D4 /* flixsterUITests.swift in Sources */,
			);
			runOnlyForDeploymentPostprocessing = 0;
		};
/* End PBXSourcesBuildPhase section */

/* Begin PBXTargetDependency section */
		E037713024FA0DE7007C52D4 /* PBXTargetDependency */ = {
			isa = PBXTargetDependency;
			target = E037711724FA0DE5007C52D4 /* flixster */;
			targetProxy = E037712F24FA0DE7007C52D4 /* PBXContainerItemProxy */;
		};
		E037713B24FA0DE7007C52D4 /* PBXTargetDependency */ = {
			isa = PBXTargetDependency;
			target = E037711724FA0DE5007C52D4 /* flixster */;
			targetProxy = E037713A24FA0DE7007C52D4 /* PBXContainerItemProxy */;
		};
/* End PBXTargetDependency section */

/* Begin PBXVariantGroup section */
		E037712124FA0DE5007C52D4 /* Main.storyboard */ = {
			isa = PBXVariantGroup;
			children = (
				E037712224FA0DE5007C52D4 /* Base */,
			);
			name = Main.storyboard;
			sourceTree = "<group>";
		};
		E037712624FA0DE6007C52D4 /* LaunchScreen.storyboard */ = {
			isa = PBXVariantGroup;
			children = (
				E037712724FA0DE6007C52D4 /* Base */,
			);
			name = LaunchScreen.storyboard;
			sourceTree = "<group>";
		};
/* End PBXVariantGroup section */

/* Begin XCBuildConfiguration section */
		E037714024FA0DE7007C52D4 /* Debug */ = {
			isa = XCBuildConfiguration;
			buildSettings = {
				ALWAYS_SEARCH_USER_PATHS = NO;
				CLANG_ANALYZER_NONNULL = YES;
				CLANG_ANALYZER_NUMBER_OBJECT_CONVERSION = YES_AGGRESSIVE;
				CLANG_CXX_LANGUAGE_STANDARD = "gnu++14";
				CLANG_CXX_LIBRARY = "libc++";
				CLANG_ENABLE_MODULES = YES;
				CLANG_ENABLE_OBJC_ARC = YES;
				CLANG_ENABLE_OBJC_WEAK = YES;
				CLANG_WARN_BLOCK_CAPTURE_AUTORELEASING = YES;
				CLANG_WARN_BOOL_CONVERSION = YES;
				CLANG_WARN_COMMA = YES;
				CLANG_WARN_CONSTANT_CONVERSION = YES;
				CLANG_WARN_DEPRECATED_OBJC_IMPLEMENTATIONS = YES;
				CLANG_WARN_DIRECT_OBJC_ISA_USAGE = YES_ERROR;
				CLANG_WARN_DOCUMENTATION_COMMENTS = YES;
				CLANG_WARN_EMPTY_BODY = YES;
				CLANG_WARN_ENUM_CONVERSION = YES;
				CLANG_WARN_INFINITE_RECURSION = YES;
				CLANG_WARN_INT_CONVERSION = YES;
				CLANG_WARN_NON_LITERAL_NULL_CONVERSION = YES;
				CLANG_WARN_OBJC_IMPLICIT_RETAIN_SELF = YES;
				CLANG_WARN_OBJC_LITERAL_CONVERSION = YES;
				CLANG_WARN_OBJC_ROOT_CLASS = YES_ERROR;
				CLANG_WARN_RANGE_LOOP_ANALYSIS = YES;
				CLANG_WARN_STRICT_PROTOTYPES = YES;
				CLANG_WARN_SUSPICIOUS_MOVE = YES;
				CLANG_WARN_UNGUARDED_AVAILABILITY = YES_AGGRESSIVE;
				CLANG_WARN_UNREACHABLE_CODE = YES;
				CLANG_WARN__DUPLICATE_METHOD_MATCH = YES;
				COPY_PHASE_STRIP = NO;
				DEBUG_INFORMATION_FORMAT = dwarf;
				ENABLE_STRICT_OBJC_MSGSEND = YES;
				ENABLE_TESTABILITY = YES;
				GCC_C_LANGUAGE_STANDARD = gnu11;
				GCC_DYNAMIC_NO_PIC = NO;
				GCC_NO_COMMON_BLOCKS = YES;
				GCC_OPTIMIZATION_LEVEL = 0;
				GCC_PREPROCESSOR_DEFINITIONS = (
					"DEBUG=1",
					"$(inherited)",
				);
				GCC_WARN_64_TO_32_BIT_CONVERSION = YES;
				GCC_WARN_ABOUT_RETURN_TYPE = YES_ERROR;
				GCC_WARN_UNDECLARED_SELECTOR = YES;
				GCC_WARN_UNINITIALIZED_AUTOS = YES_AGGRESSIVE;
				GCC_WARN_UNUSED_FUNCTION = YES;
				GCC_WARN_UNUSED_VARIABLE = YES;
				IPHONEOS_DEPLOYMENT_TARGET = 13.6;
				MTL_ENABLE_DEBUG_INFO = INCLUDE_SOURCE;
				MTL_FAST_MATH = YES;
				ONLY_ACTIVE_ARCH = YES;
				SDKROOT = iphoneos;
				SWIFT_ACTIVE_COMPILATION_CONDITIONS = DEBUG;
				SWIFT_OPTIMIZATION_LEVEL = "-Onone";
			};
			name = Debug;
		};
		E037714124FA0DE7007C52D4 /* Release */ = {
			isa = XCBuildConfiguration;
			buildSettings = {
				ALWAYS_SEARCH_USER_PATHS = NO;
				CLANG_ANALYZER_NONNULL = YES;
				CLANG_ANALYZER_NUMBER_OBJECT_CONVERSION = YES_AGGRESSIVE;
				CLANG_CXX_LANGUAGE_STANDARD = "gnu++14";
				CLANG_CXX_LIBRARY = "libc++";
				CLANG_ENABLE_MODULES = YES;
				CLANG_ENABLE_OBJC_ARC = YES;
				CLANG_ENABLE_OBJC_WEAK = YES;
				CLANG_WARN_BLOCK_CAPTURE_AUTORELEASING = YES;
				CLANG_WARN_BOOL_CONVERSION = YES;
				CLANG_WARN_COMMA = YES;
				CLANG_WARN_CONSTANT_CONVERSION = YES;
				CLANG_WARN_DEPRECATED_OBJC_IMPLEMENTATIONS = YES;
				CLANG_WARN_DIRECT_OBJC_ISA_USAGE = YES_ERROR;
				CLANG_WARN_DOCUMENTATION_COMMENTS = YES;
				CLANG_WARN_EMPTY_BODY = YES;
				CLANG_WARN_ENUM_CONVERSION = YES;
				CLANG_WARN_INFINITE_RECURSION = YES;
				CLANG_WARN_INT_CONVERSION = YES;
				CLANG_WARN_NON_LITERAL_NULL_CONVERSION = YES;
				CLANG_WARN_OBJC_IMPLICIT_RETAIN_SELF = YES;
				CLANG_WARN_OBJC_LITERAL_CONVERSION = YES;
				CLANG_WARN_OBJC_ROOT_CLASS = YES_ERROR;
				CLANG_WARN_RANGE_LOOP_ANALYSIS = YES;
				CLANG_WARN_STRICT_PROTOTYPES = YES;
				CLANG_WARN_SUSPICIOUS_MOVE = YES;
				CLANG_WARN_UNGUARDED_AVAILABILITY = YES_AGGRESSIVE;
				CLANG_WARN_UNREACHABLE_CODE = YES;
				CLANG_WARN__DUPLICATE_METHOD_MATCH = YES;
				COPY_PHASE_STRIP = NO;
				DEBUG_INFORMATION_FORMAT = "dwarf-with-dsym";
				ENABLE_NS_ASSERTIONS = NO;
				ENABLE_STRICT_OBJC_MSGSEND = YES;
				GCC_C_LANGUAGE_STANDARD = gnu11;
				GCC_NO_COMMON_BLOCKS = YES;
				GCC_WARN_64_TO_32_BIT_CONVERSION = YES;
				GCC_WARN_ABOUT_RETURN_TYPE = YES_ERROR;
				GCC_WARN_UNDECLARED_SELECTOR = YES;
				GCC_WARN_UNINITIALIZED_AUTOS = YES_AGGRESSIVE;
				GCC_WARN_UNUSED_FUNCTION = YES;
				GCC_WARN_UNUSED_VARIABLE = YES;
				IPHONEOS_DEPLOYMENT_TARGET = 13.6;
				MTL_ENABLE_DEBUG_INFO = NO;
				MTL_FAST_MATH = YES;
				SDKROOT = iphoneos;
				SWIFT_COMPILATION_MODE = wholemodule;
				SWIFT_OPTIMIZATION_LEVEL = "-O";
				VALIDATE_PRODUCT = YES;
			};
			name = Release;
		};
		E037714324FA0DE7007C52D4 /* Debug */ = {
			isa = XCBuildConfiguration;
			baseConfigurationReference = BBB7FDD2A4A557C1ACB68B01 /* Pods-flixster.debug.xcconfig */;
			buildSettings = {
				ASSETCATALOG_COMPILER_APPICON_NAME = AppIcon;
				CODE_SIGN_STYLE = Automatic;
				INFOPLIST_FILE = flixster/Info.plist;
				LD_RUNPATH_SEARCH_PATHS = (
					"$(inherited)",
					"@executable_path/Frameworks",
				);
				PRODUCT_BUNDLE_IDENTIFIER = "com.example.apple-samplecode.flixster";
				PRODUCT_NAME = "$(TARGET_NAME)";
				SWIFT_VERSION = 5.0;
				TARGETED_DEVICE_FAMILY = "1,2";
			};
			name = Debug;
		};
		E037714424FA0DE7007C52D4 /* Release */ = {
			isa = XCBuildConfiguration;
			baseConfigurationReference = A0C66499B740E844EB589041 /* Pods-flixster.release.xcconfig */;
			buildSettings = {
				ASSETCATALOG_COMPILER_APPICON_NAME = AppIcon;
				CODE_SIGN_STYLE = Automatic;
				INFOPLIST_FILE = flixster/Info.plist;
				LD_RUNPATH_SEARCH_PATHS = (
					"$(inherited)",
					"@executable_path/Frameworks",
				);
				PRODUCT_BUNDLE_IDENTIFIER = "com.example.apple-samplecode.flixster";
				PRODUCT_NAME = "$(TARGET_NAME)";
				SWIFT_VERSION = 5.0;
				TARGETED_DEVICE_FAMILY = "1,2";
			};
			name = Release;
		};
		E037714624FA0DE7007C52D4 /* Debug */ = {
			isa = XCBuildConfiguration;
			baseConfigurationReference = FFC506CFCE242DA9F9EC4F1B /* Pods-flixsterTests.debug.xcconfig */;
			buildSettings = {
				ALWAYS_EMBED_SWIFT_STANDARD_LIBRARIES = YES;
				BUNDLE_LOADER = "$(TEST_HOST)";
				CODE_SIGN_STYLE = Automatic;
				INFOPLIST_FILE = flixsterTests/Info.plist;
				IPHONEOS_DEPLOYMENT_TARGET = 13.6;
				LD_RUNPATH_SEARCH_PATHS = (
					"$(inherited)",
					"@executable_path/Frameworks",
					"@loader_path/Frameworks",
				);
				PRODUCT_BUNDLE_IDENTIFIER = "com.example.apple-samplecode.flixsterTests";
				PRODUCT_NAME = "$(TARGET_NAME)";
				SWIFT_VERSION = 5.0;
				TARGETED_DEVICE_FAMILY = "1,2";
				TEST_HOST = "$(BUILT_PRODUCTS_DIR)/flixster.app/flixster";
			};
			name = Debug;
		};
		E037714724FA0DE7007C52D4 /* Release */ = {
			isa = XCBuildConfiguration;
			baseConfigurationReference = D2C630D8A679FA00F9826E1B /* Pods-flixsterTests.release.xcconfig */;
			buildSettings = {
				ALWAYS_EMBED_SWIFT_STANDARD_LIBRARIES = YES;
				BUNDLE_LOADER = "$(TEST_HOST)";
				CODE_SIGN_STYLE = Automatic;
				INFOPLIST_FILE = flixsterTests/Info.plist;
				IPHONEOS_DEPLOYMENT_TARGET = 13.6;
				LD_RUNPATH_SEARCH_PATHS = (
					"$(inherited)",
					"@executable_path/Frameworks",
					"@loader_path/Frameworks",
				);
				PRODUCT_BUNDLE_IDENTIFIER = "com.example.apple-samplecode.flixsterTests";
				PRODUCT_NAME = "$(TARGET_NAME)";
				SWIFT_VERSION = 5.0;
				TARGETED_DEVICE_FAMILY = "1,2";
				TEST_HOST = "$(BUILT_PRODUCTS_DIR)/flixster.app/flixster";
			};
			name = Release;
		};
		E037714924FA0DE7007C52D4 /* Debug */ = {
			isa = XCBuildConfiguration;
			baseConfigurationReference = 235A5A722B32847EC4E82A3A /* Pods-flixster-flixsterUITests.debug.xcconfig */;
			buildSettings = {
				ALWAYS_EMBED_SWIFT_STANDARD_LIBRARIES = YES;
				CODE_SIGN_STYLE = Automatic;
				INFOPLIST_FILE = flixsterUITests/Info.plist;
				LD_RUNPATH_SEARCH_PATHS = (
					"$(inherited)",
					"@executable_path/Frameworks",
					"@loader_path/Frameworks",
				);
				PRODUCT_BUNDLE_IDENTIFIER = "com.example.apple-samplecode.flixsterUITests";
				PRODUCT_NAME = "$(TARGET_NAME)";
				SWIFT_VERSION = 5.0;
				TARGETED_DEVICE_FAMILY = "1,2";
				TEST_TARGET_NAME = flixster;
			};
			name = Debug;
		};
		E037714A24FA0DE7007C52D4 /* Release */ = {
			isa = XCBuildConfiguration;
			baseConfigurationReference = 299FBAE8B7DA2572A71A3B4C /* Pods-flixster-flixsterUITests.release.xcconfig */;
			buildSettings = {
				ALWAYS_EMBED_SWIFT_STANDARD_LIBRARIES = YES;
				CODE_SIGN_STYLE = Automatic;
				INFOPLIST_FILE = flixsterUITests/Info.plist;
				LD_RUNPATH_SEARCH_PATHS = (
					"$(inherited)",
					"@executable_path/Frameworks",
					"@loader_path/Frameworks",
				);
				PRODUCT_BUNDLE_IDENTIFIER = "com.example.apple-samplecode.flixsterUITests";
				PRODUCT_NAME = "$(TARGET_NAME)";
				SWIFT_VERSION = 5.0;
				TARGETED_DEVICE_FAMILY = "1,2";
				TEST_TARGET_NAME = flixster;
			};
			name = Release;
		};
/* End XCBuildConfiguration section */

/* Begin XCConfigurationList section */
		E037711324FA0DE5007C52D4 /* Build configuration list for PBXProject "flixster" */ = {
			isa = XCConfigurationList;
			buildConfigurations = (
				E037714024FA0DE7007C52D4 /* Debug */,
				E037714124FA0DE7007C52D4 /* Release */,
			);
			defaultConfigurationIsVisible = 0;
			defaultConfigurationName = Release;
		};
		E037714224FA0DE7007C52D4 /* Build configuration list for PBXNativeTarget "flixster" */ = {
			isa = XCConfigurationList;
			buildConfigurations = (
				E037714324FA0DE7007C52D4 /* Debug */,
				E037714424FA0DE7007C52D4 /* Release */,
			);
			defaultConfigurationIsVisible = 0;
			defaultConfigurationName = Release;
		};
		E037714524FA0DE7007C52D4 /* Build configuration list for PBXNativeTarget "flixsterTests" */ = {
			isa = XCConfigurationList;
			buildConfigurations = (
				E037714624FA0DE7007C52D4 /* Debug */,
				E037714724FA0DE7007C52D4 /* Release */,
			);
			defaultConfigurationIsVisible = 0;
			defaultConfigurationName = Release;
		};
		E037714824FA0DE7007C52D4 /* Build configuration list for PBXNativeTarget "flixsterUITests" */ = {
			isa = XCConfigurationList;
			buildConfigurations = (
				E037714924FA0DE7007C52D4 /* Debug */,
				E037714A24FA0DE7007C52D4 /* Release */,
			);
			defaultConfigurationIsVisible = 0;
			defaultConfigurationName = Release;
		};
/* End XCConfigurationList section */
	};
	rootObject = E037711024FA0DE5007C52D4 /* Project object */;
}
